
Microsoft Visual Studio Solution File, Format Version 12.00
# Visual Studio Version 17
VisualStudioVersion = 17.11.35327.3
MinimumVisualStudioVersion = 10.0.40219.1
Project("{9A19103F-16F7-4668-BE54-9A1E7A4F7556}") = "Cytaty", "Cytaty.csproj", "{306C6182-7B69-40C4-984C-78EBCD4D6F59}"
EndProject
Global
	GlobalSection(SolutionConfigurationPlatforms) = preSolution
		Debug|Any CPU = Debug|Any CPU
		Release|Any CPU = Release|Any CPU
	EndGlobalSection
	GlobalSection(ProjectConfigurationPlatforms) = postSolution
		{306C6182-7B69-40C4-984C-78EBCD4D6F59}.Debug|Any CPU.ActiveCfg = Debug|Any CPU
		{306C6182-7B69-40C4-984C-78EBCD4D6F59}.Debug|Any CPU.Build.0 = Debug|Any CPU
		{306C6182-7B69-40C4-984C-78EBCD4D6F59}.Release|Any CPU.ActiveCfg = Release|Any CPU
		{306C6182-7B69-40C4-984C-78EBCD4D6F59}.Release|Any CPU.Build.0 = Release|Any CPU
	EndGlobalSection
	GlobalSection(SolutionProperties) = preSolution
		HideSolutionNode = FALSE
	EndGlobalSection
	GlobalSection(ExtensibilityGlobals) = postSolution
		SolutionGuid = {48DA3C31-4AF3-4E6D-AA56-F1C91CFFFBE6}
	EndGlobalSection
EndGlobal
